// !$*UTF8*$!
{
	archiveVersion = 1;
	classes = {
	};
	objectVersion = 56;
	objects = {

/* Begin PBXBuildFile section */
		1F19438E298C506F007A92AA /* EventCounterApp.swift in Sources */ = {isa = PBXBuildFile; fileRef = 1F19438D298C506F007A92AA /* EventCounterApp.swift */; };
		1F194390298C506F007A92AA /* Persistence.swift in Sources */ = {isa = PBXBuildFile; fileRef = 1F19438F298C506F007A92AA /* Persistence.swift */; };
		1F194393298C506F007A92AA /* EventCounter.xcdatamodeld in Sources */ = {isa = PBXBuildFile; fileRef = 1F194391298C506F007A92AA /* EventCounter.xcdatamodeld */; };
		1F194395298C506F007A92AA /* ContentView.swift in Sources */ = {isa = PBXBuildFile; fileRef = 1F194394298C506F007A92AA /* ContentView.swift */; };
		1F194397298C5071007A92AA /* Assets.xcassets in Resources */ = {isa = PBXBuildFile; fileRef = 1F194396298C5071007A92AA /* Assets.xcassets */; };
		1F19439B298C5071007A92AA /* Preview Assets.xcassets in Resources */ = {isa = PBXBuildFile; fileRef = 1F19439A298C5071007A92AA /* Preview Assets.xcassets */; };
		1F1943A5298C5071007A92AA /* EventCounterTests.swift in Sources */ = {isa = PBXBuildFile; fileRef = 1F1943A4298C5071007A92AA /* EventCounterTests.swift */; };
		1F1943AF298C5071007A92AA /* EventCounterUITests.swift in Sources */ = {isa = PBXBuildFile; fileRef = 1F1943AE298C5071007A92AA /* EventCounterUITests.swift */; };
		1F1943B1298C5071007A92AA /* EventCounterUITestsLaunchTests.swift in Sources */ = {isa = PBXBuildFile; fileRef = 1F1943B0298C5071007A92AA /* EventCounterUITestsLaunchTests.swift */; };
		1F1943BE298C50D1007A92AA /* EventKitManager.swift in Sources */ = {isa = PBXBuildFile; fileRef = 1F1943BD298C50D1007A92AA /* EventKitManager.swift */; };
		1F1943C0298C5602007A92AA /* AddItemView.swift in Sources */ = {isa = PBXBuildFile; fileRef = 1F1943BF298C5602007A92AA /* AddItemView.swift */; };
/* End PBXBuildFile section */

/* Begin PBXContainerItemProxy section */
		1F1943A1298C5071007A92AA /* PBXContainerItemProxy */ = {
			isa = PBXContainerItemProxy;
			containerPortal = 1F194382298C506F007A92AA /* Project object */;
			proxyType = 1;
			remoteGlobalIDString = 1F194389298C506F007A92AA;
			remoteInfo = EventCounter;
		};
		1F1943AB298C5071007A92AA /* PBXContainerItemProxy */ = {
			isa = PBXContainerItemProxy;
			containerPortal = 1F194382298C506F007A92AA /* Project object */;
			proxyType = 1;
			remoteGlobalIDString = 1F194389298C506F007A92AA;
			remoteInfo = EventCounter;
		};
/* End PBXContainerItemProxy section */

/* Begin PBXFileReference section */
		1F19438A298C506F007A92AA /* EventCounter.app */ = {isa = PBXFileReference; explicitFileType = wrapper.application; includeInIndex = 0; path = EventCounter.app; sourceTree = BUILT_PRODUCTS_DIR; };
		1F19438D298C506F007A92AA /* EventCounterApp.swift */ = {isa = PBXFileReference; lastKnownFileType = sourcecode.swift; path = EventCounterApp.swift; sourceTree = "<group>"; };
		1F19438F298C506F007A92AA /* Persistence.swift */ = {isa = PBXFileReference; lastKnownFileType = sourcecode.swift; path = Persistence.swift; sourceTree = "<group>"; };
		1F194392298C506F007A92AA /* EventCounter.xcdatamodel */ = {isa = PBXFileReference; lastKnownFileType = wrapper.xcdatamodel; path = EventCounter.xcdatamodel; sourceTree = "<group>"; };
		1F194394298C506F007A92AA /* ContentView.swift */ = {isa = PBXFileReference; lastKnownFileType = sourcecode.swift; path = ContentView.swift; sourceTree = "<group>"; };
		1F194396298C5071007A92AA /* Assets.xcassets */ = {isa = PBXFileReference; lastKnownFileType = folder.assetcatalog; path = Assets.xcassets; sourceTree = "<group>"; };
		1F194398298C5071007A92AA /* EventCounter.entitlements */ = {isa = PBXFileReference; lastKnownFileType = text.plist.entitlements; path = EventCounter.entitlements; sourceTree = "<group>"; };
		1F19439A298C5071007A92AA /* Preview Assets.xcassets */ = {isa = PBXFileReference; lastKnownFileType = folder.assetcatalog; path = "Preview Assets.xcassets"; sourceTree = "<group>"; };
		1F1943A0298C5071007A92AA /* EventCounterTests.xctest */ = {isa = PBXFileReference; explicitFileType = wrapper.cfbundle; includeInIndex = 0; path = EventCounterTests.xctest; sourceTree = BUILT_PRODUCTS_DIR; };
		1F1943A4298C5071007A92AA /* EventCounterTests.swift */ = {isa = PBXFileReference; lastKnownFileType = sourcecode.swift; path = EventCounterTests.swift; sourceTree = "<group>"; };
		1F1943AA298C5071007A92AA /* EventCounterUITests.xctest */ = {isa = PBXFileReference; explicitFileType = wrapper.cfbundle; includeInIndex = 0; path = EventCounterUITests.xctest; sourceTree = BUILT_PRODUCTS_DIR; };
		1F1943AE298C5071007A92AA /* EventCounterUITests.swift */ = {isa = PBXFileReference; lastKnownFileType = sourcecode.swift; path = EventCounterUITests.swift; sourceTree = "<group>"; };
		1F1943B0298C5071007A92AA /* EventCounterUITestsLaunchTests.swift */ = {isa = PBXFileReference; lastKnownFileType = sourcecode.swift; path = EventCounterUITestsLaunchTests.swift; sourceTree = "<group>"; };
		1F1943BD298C50D1007A92AA /* EventKitManager.swift */ = {isa = PBXFileReference; lastKnownFileType = sourcecode.swift; path = EventKitManager.swift; sourceTree = "<group>"; };
		1F1943BF298C5602007A92AA /* AddItemView.swift */ = {isa = PBXFileReference; lastKnownFileType = sourcecode.swift; path = AddItemView.swift; sourceTree = "<group>"; };
/* End PBXFileReference section */

/* Begin PBXFrameworksBuildPhase section */
		1F194387298C506F007A92AA /* Frameworks */ = {
			isa = PBXFrameworksBuildPhase;
			buildActionMask = 2147483647;
			files = (
			);
			runOnlyForDeploymentPostprocessing = 0;
		};
		1F19439D298C5071007A92AA /* Frameworks */ = {
			isa = PBXFrameworksBuildPhase;
			buildActionMask = 2147483647;
			files = (
			);
			runOnlyForDeploymentPostprocessing = 0;
		};
		1F1943A7298C5071007A92AA /* Frameworks */ = {
			isa = PBXFrameworksBuildPhase;
			buildActionMask = 2147483647;
			files = (
			);
			runOnlyForDeploymentPostprocessing = 0;
		};
/* End PBXFrameworksBuildPhase section */

/* Begin PBXGroup section */
		1F194381298C506F007A92AA = {
			isa = PBXGroup;
			children = (
				1F19438C298C506F007A92AA /* EventCounter */,
				1F1943A3298C5071007A92AA /* EventCounterTests */,
				1F1943AD298C5071007A92AA /* EventCounterUITests */,
				1F19438B298C506F007A92AA /* Products */,
			);
			sourceTree = "<group>";
		};
		1F19438B298C506F007A92AA /* Products */ = {
			isa = PBXGroup;
			children = (
				1F19438A298C506F007A92AA /* EventCounter.app */,
				1F1943A0298C5071007A92AA /* EventCounterTests.xctest */,
				1F1943AA298C5071007A92AA /* EventCounterUITests.xctest */,
			);
			name = Products;
			sourceTree = "<group>";
		};
		1F19438C298C506F007A92AA /* EventCounter */ = {
			isa = PBXGroup;
			children = (
				1F19438D298C506F007A92AA /* EventCounterApp.swift */,
				1F19438F298C506F007A92AA /* Persistence.swift */,
				1F194394298C506F007A92AA /* ContentView.swift */,
				1F1943BF298C5602007A92AA /* AddItemView.swift */,
				1F1943BD298C50D1007A92AA /* EventKitManager.swift */,
				1F194396298C5071007A92AA /* Assets.xcassets */,
				1F194398298C5071007A92AA /* EventCounter.entitlements */,
				1F194391298C506F007A92AA /* EventCounter.xcdatamodeld */,
				1F194399298C5071007A92AA /* Preview Content */,
			);
			path = EventCounter;
			sourceTree = "<group>";
		};
		1F194399298C5071007A92AA /* Preview Content */ = {
			isa = PBXGroup;
			children = (
				1F19439A298C5071007A92AA /* Preview Assets.xcassets */,
			);
			path = "Preview Content";
			sourceTree = "<group>";
		};
		1F1943A3298C5071007A92AA /* EventCounterTests */ = {
			isa = PBXGroup;
			children = (
				1F1943A4298C5071007A92AA /* EventCounterTests.swift */,
			);
			path = EventCounterTests;
			sourceTree = "<group>";
		};
		1F1943AD298C5071007A92AA /* EventCounterUITests */ = {
			isa = PBXGroup;
			children = (
				1F1943AE298C5071007A92AA /* EventCounterUITests.swift */,
				1F1943B0298C5071007A92AA /* EventCounterUITestsLaunchTests.swift */,
			);
			path = EventCounterUITests;
			sourceTree = "<group>";
		};
/* End PBXGroup section */

/* Begin PBXNativeTarget section */
		1F194389298C506F007A92AA /* EventCounter */ = {
			isa = PBXNativeTarget;
			buildConfigurationList = 1F1943B4298C5071007A92AA /* Build configuration list for PBXNativeTarget "EventCounter" */;
			buildPhases = (
				1F194386298C506F007A92AA /* Sources */,
				1F194387298C506F007A92AA /* Frameworks */,
				1F194388298C506F007A92AA /* Resources */,
			);
			buildRules = (
			);
			dependencies = (
			);
			name = EventCounter;
			productName = EventCounter;
			productReference = 1F19438A298C506F007A92AA /* EventCounter.app */;
			productType = "com.apple.product-type.application";
		};
		1F19439F298C5071007A92AA /* EventCounterTests */ = {
			isa = PBXNativeTarget;
			buildConfigurationList = 1F1943B7298C5071007A92AA /* Build configuration list for PBXNativeTarget "EventCounterTests" */;
			buildPhases = (
				1F19439C298C5071007A92AA /* Sources */,
				1F19439D298C5071007A92AA /* Frameworks */,
				1F19439E298C5071007A92AA /* Resources */,
			);
			buildRules = (
			);
			dependencies = (
				1F1943A2298C5071007A92AA /* PBXTargetDependency */,
			);
			name = EventCounterTests;
			productName = EventCounterTests;
			productReference = 1F1943A0298C5071007A92AA /* EventCounterTests.xctest */;
			productType = "com.apple.product-type.bundle.unit-test";
		};
		1F1943A9298C5071007A92AA /* EventCounterUITests */ = {
			isa = PBXNativeTarget;
			buildConfigurationList = 1F1943BA298C5071007A92AA /* Build configuration list for PBXNativeTarget "EventCounterUITests" */;
			buildPhases = (
				1F1943A6298C5071007A92AA /* Sources */,
				1F1943A7298C5071007A92AA /* Frameworks */,
				1F1943A8298C5071007A92AA /* Resources */,
			);
			buildRules = (
			);
			dependencies = (
				1F1943AC298C5071007A92AA /* PBXTargetDependency */,
			);
			name = EventCounterUITests;
			productName = EventCounterUITests;
			productReference = 1F1943AA298C5071007A92AA /* EventCounterUITests.xctest */;
			productType = "com.apple.product-type.bundle.ui-testing";
		};
/* End PBXNativeTarget section */

/* Begin PBXProject section */
		1F194382298C506F007A92AA /* Project object */ = {
			isa = PBXProject;
			attributes = {
				BuildIndependentTargetsInParallel = 1;
				LastSwiftUpdateCheck = 1410;
				LastUpgradeCheck = 1410;
				TargetAttributes = {
					1F194389298C506F007A92AA = {
						CreatedOnToolsVersion = 14.1;
					};
					1F19439F298C5071007A92AA = {
						CreatedOnToolsVersion = 14.1;
						TestTargetID = 1F194389298C506F007A92AA;
					};
					1F1943A9298C5071007A92AA = {
						CreatedOnToolsVersion = 14.1;
						TestTargetID = 1F194389298C506F007A92AA;
					};
				};
			};
			buildConfigurationList = 1F194385298C506F007A92AA /* Build configuration list for PBXProject "EventCounter" */;
			compatibilityVersion = "Xcode 14.0";
			developmentRegion = en;
			hasScannedForEncodings = 0;
			knownRegions = (
				en,
				Base,
			);
			mainGroup = 1F194381298C506F007A92AA;
			productRefGroup = 1F19438B298C506F007A92AA /* Products */;
			projectDirPath = "";
			projectRoot = "";
			targets = (
				1F194389298C506F007A92AA /* EventCounter */,
				1F19439F298C5071007A92AA /* EventCounterTests */,
				1F1943A9298C5071007A92AA /* EventCounterUITests */,
			);
		};
/* End PBXProject section */

/* Begin PBXResourcesBuildPhase section */
		1F194388298C506F007A92AA /* Resources */ = {
			isa = PBXResourcesBuildPhase;
			buildActionMask = 2147483647;
			files = (
				1F19439B298C5071007A92AA /* Preview Assets.xcassets in Resources */,
				1F194397298C5071007A92AA /* Assets.xcassets in Resources */,
			);
			runOnlyForDeploymentPostprocessing = 0;
		};
		1F19439E298C5071007A92AA /* Resources */ = {
			isa = PBXResourcesBuildPhase;
			buildActionMask = 2147483647;
			files = (
			);
			runOnlyForDeploymentPostprocessing = 0;
		};
		1F1943A8298C5071007A92AA /* Resources */ = {
			isa = PBXResourcesBuildPhase;
			buildActionMask = 2147483647;
			files = (
			);
			runOnlyForDeploymentPostprocessing = 0;
		};
/* End PBXResourcesBuildPhase section */

/* Begin PBXSourcesBuildPhase section */
		1F194386298C506F007A92AA /* Sources */ = {
			isa = PBXSourcesBuildPhase;
			buildActionMask = 2147483647;
			files = (
				1F194393298C506F007A92AA /* EventCounter.xcdatamodeld in Sources */,
				1F1943C0298C5602007A92AA /* AddItemView.swift in Sources */,
				1F19438E298C506F007A92AA /* EventCounterApp.swift in Sources */,
				1F1943BE298C50D1007A92AA /* EventKitManager.swift in Sources */,
				1F194395298C506F007A92AA /* ContentView.swift in Sources */,
				1F194390298C506F007A92AA /* Persistence.swift in Sources */,
			);
			runOnlyForDeploymentPostprocessing = 0;
		};
		1F19439C298C5071007A92AA /* Sources */ = {
			isa = PBXSourcesBuildPhase;
			buildActionMask = 2147483647;
			files = (
				1F1943A5298C5071007A92AA /* EventCounterTests.swift in Sources */,
			);
			runOnlyForDeploymentPostprocessing = 0;
		};
		1F1943A6298C5071007A92AA /* Sources */ = {
			isa = PBXSourcesBuildPhase;
			buildActionMask = 2147483647;
			files = (
				1F1943B1298C5071007A92AA /* EventCounterUITestsLaunchTests.swift in Sources */,
				1F1943AF298C5071007A92AA /* EventCounterUITests.swift in Sources */,
			);
			runOnlyForDeploymentPostprocessing = 0;
		};
/* End PBXSourcesBuildPhase section */

/* Begin PBXTargetDependency section */
		1F1943A2298C5071007A92AA /* PBXTargetDependency */ = {
			isa = PBXTargetDependency;
			target = 1F194389298C506F007A92AA /* EventCounter */;
			targetProxy = 1F1943A1298C5071007A92AA /* PBXContainerItemProxy */;
		};
		1F1943AC298C5071007A92AA /* PBXTargetDependency */ = {
			isa = PBXTargetDependency;
			target = 1F194389298C506F007A92AA /* EventCounter */;
			targetProxy = 1F1943AB298C5071007A92AA /* PBXContainerItemProxy */;
		};
/* End PBXTargetDependency section */

/* Begin XCBuildConfiguration section */
		1F1943B2298C5071007A92AA /* Debug */ = {
			isa = XCBuildConfiguration;
			buildSettings = {
				ALWAYS_SEARCH_USER_PATHS = NO;
				CLANG_ANALYZER_NONNULL = YES;
				CLANG_ANALYZER_NUMBER_OBJECT_CONVERSION = YES_AGGRESSIVE;
				CLANG_CXX_LANGUAGE_STANDARD = "gnu++20";
				CLANG_ENABLE_MODULES = YES;
				CLANG_ENABLE_OBJC_ARC = YES;
				CLANG_ENABLE_OBJC_WEAK = YES;
				CLANG_WARN_BLOCK_CAPTURE_AUTORELEASING = YES;
				CLANG_WARN_BOOL_CONVERSION = YES;
				CLANG_WARN_COMMA = YES;
				CLANG_WARN_CONSTANT_CONVERSION = YES;
				CLANG_WARN_DEPRECATED_OBJC_IMPLEMENTATIONS = YES;
				CLANG_WARN_DIRECT_OBJC_ISA_USAGE = YES_ERROR;
				CLANG_WARN_DOCUMENTATION_COMMENTS = YES;
				CLANG_WARN_EMPTY_BODY = YES;
				CLANG_WARN_ENUM_CONVERSION = YES;
				CLANG_WARN_INFINITE_RECURSION = YES;
				CLANG_WARN_INT_CONVERSION = YES;
				CLANG_WARN_NON_LITERAL_NULL_CONVERSION = YES;
				CLANG_WARN_OBJC_IMPLICIT_RETAIN_SELF = YES;
				CLANG_WARN_OBJC_LITERAL_CONVERSION = YES;
				CLANG_WARN_OBJC_ROOT_CLASS = YES_ERROR;
				CLANG_WARN_QUOTED_INCLUDE_IN_FRAMEWORK_HEADER = YES;
				CLANG_WARN_RANGE_LOOP_ANALYSIS = YES;
				CLANG_WARN_STRICT_PROTOTYPES = YES;
				CLANG_WARN_SUSPICIOUS_MOVE = YES;
				CLANG_WARN_UNGUARDED_AVAILABILITY = YES_AGGRESSIVE;
				CLANG_WARN_UNREACHABLE_CODE = YES;
				CLANG_WARN__DUPLICATE_METHOD_MATCH = YES;
				COPY_PHASE_STRIP = NO;
				DEBUG_INFORMATION_FORMAT = dwarf;
				ENABLE_STRICT_OBJC_MSGSEND = YES;
				ENABLE_TESTABILITY = YES;
				GCC_C_LANGUAGE_STANDARD = gnu11;
				GCC_DYNAMIC_NO_PIC = NO;
				GCC_NO_COMMON_BLOCKS = YES;
				GCC_OPTIMIZATION_LEVEL = 0;
				GCC_PREPROCESSOR_DEFINITIONS = (
					"DEBUG=1",
					"$(inherited)",
				);
				GCC_WARN_64_TO_32_BIT_CONVERSION = YES;
				GCC_WARN_ABOUT_RETURN_TYPE = YES_ERROR;
				GCC_WARN_UNDECLARED_SELECTOR = YES;
				GCC_WARN_UNINITIALIZED_AUTOS = YES_AGGRESSIVE;
				GCC_WARN_UNUSED_FUNCTION = YES;
				GCC_WARN_UNUSED_VARIABLE = YES;
				MTL_ENABLE_DEBUG_INFO = INCLUDE_SOURCE;
				MTL_FAST_MATH = YES;
				ONLY_ACTIVE_ARCH = YES;
				SWIFT_ACTIVE_COMPILATION_CONDITIONS = DEBUG;
				SWIFT_OPTIMIZATION_LEVEL = "-Onone";
			};
			name = Debug;
		};
		1F1943B3298C5071007A92AA /* Release */ = {
			isa = XCBuildConfiguration;
			buildSettings = {
				ALWAYS_SEARCH_USER_PATHS = NO;
				CLANG_ANALYZER_NONNULL = YES;
				CLANG_ANALYZER_NUMBER_OBJECT_CONVERSION = YES_AGGRESSIVE;
				CLANG_CXX_LANGUAGE_STANDARD = "gnu++20";
				CLANG_ENABLE_MODULES = YES;
				CLANG_ENABLE_OBJC_ARC = YES;
				CLANG_ENABLE_OBJC_WEAK = YES;
				CLANG_WARN_BLOCK_CAPTURE_AUTORELEASING = YES;
				CLANG_WARN_BOOL_CONVERSION = YES;
				CLANG_WARN_COMMA = YES;
				CLANG_WARN_CONSTANT_CONVERSION = YES;
				CLANG_WARN_DEPRECATED_OBJC_IMPLEMENTATIONS = YES;
				CLANG_WARN_DIRECT_OBJC_ISA_USAGE = YES_ERROR;
				CLANG_WARN_DOCUMENTATION_COMMENTS = YES;
				CLANG_WARN_EMPTY_BODY = YES;
				CLANG_WARN_ENUM_CONVERSION = YES;
				CLANG_WARN_INFINITE_RECURSION = YES;
				CLANG_WARN_INT_CONVERSION = YES;
				CLANG_WARN_NON_LITERAL_NULL_CONVERSION = YES;
				CLANG_WARN_OBJC_IMPLICIT_RETAIN_SELF = YES;
				CLANG_WARN_OBJC_LITERAL_CONVERSION = YES;
				CLANG_WARN_OBJC_ROOT_CLASS = YES_ERROR;
				CLANG_WARN_QUOTED_INCLUDE_IN_FRAMEWORK_HEADER = YES;
				CLANG_WARN_RANGE_LOOP_ANALYSIS = YES;
				CLANG_WARN_STRICT_PROTOTYPES = YES;
				CLANG_WARN_SUSPICIOUS_MOVE = YES;
				CLANG_WARN_UNGUARDED_AVAILABILITY = YES_AGGRESSIVE;
				CLANG_WARN_UNREACHABLE_CODE = YES;
				CLANG_WARN__DUPLICATE_METHOD_MATCH = YES;
				COPY_PHASE_STRIP = NO;
				DEBUG_INFORMATION_FORMAT = "dwarf-with-dsym";
				ENABLE_NS_ASSERTIONS = NO;
				ENABLE_STRICT_OBJC_MSGSEND = YES;
				GCC_C_LANGUAGE_STANDARD = gnu11;
				GCC_NO_COMMON_BLOCKS = YES;
				GCC_WARN_64_TO_32_BIT_CONVERSION = YES;
				GCC_WARN_ABOUT_RETURN_TYPE = YES_ERROR;
				GCC_WARN_UNDECLARED_SELECTOR = YES;
				GCC_WARN_UNINITIALIZED_AUTOS = YES_AGGRESSIVE;
				GCC_WARN_UNUSED_FUNCTION = YES;
				GCC_WARN_UNUSED_VARIABLE = YES;
				MTL_ENABLE_DEBUG_INFO = NO;
				MTL_FAST_MATH = YES;
				SWIFT_COMPILATION_MODE = wholemodule;
				SWIFT_OPTIMIZATION_LEVEL = "-O";
			};
			name = Release;
		};
		1F1943B5298C5071007A92AA /* Debug */ = {
			isa = XCBuildConfiguration;
			buildSettings = {
				ASSETCATALOG_COMPILER_APPICON_NAME = AppIcon;
				ASSETCATALOG_COMPILER_GLOBAL_ACCENT_COLOR_NAME = AccentColor;
				CODE_SIGN_ENTITLEMENTS = EventCounter/EventCounter.entitlements;
				CODE_SIGN_STYLE = Automatic;
				CURRENT_PROJECT_VERSION = 1;
				DEVELOPMENT_ASSET_PATHS = "\"EventCounter/Preview Content\"";
				DEVELOPMENT_TEAM = 6E3MXG6BSH;
				ENABLE_HARDENED_RUNTIME = YES;
				ENABLE_PREVIEWS = YES;
				GENERATE_INFOPLIST_FILE = YES;
				INFOPLIST_KEY_NSCalendarsUsageDescription = "Accesses calendars to get event duration";
				INFOPLIST_KEY_NSRemindersUsageDescription = "Accesses reminders to get task list";
				"INFOPLIST_KEY_UIApplicationSceneManifest_Generation[sdk=iphoneos*]" = YES;
				"INFOPLIST_KEY_UIApplicationSceneManifest_Generation[sdk=iphonesimulator*]" = YES;
				"INFOPLIST_KEY_UIApplicationSupportsIndirectInputEvents[sdk=iphoneos*]" = YES;
				"INFOPLIST_KEY_UIApplicationSupportsIndirectInputEvents[sdk=iphonesimulator*]" = YES;
				"INFOPLIST_KEY_UILaunchScreen_Generation[sdk=iphoneos*]" = YES;
				"INFOPLIST_KEY_UILaunchScreen_Generation[sdk=iphonesimulator*]" = YES;
				"INFOPLIST_KEY_UIStatusBarStyle[sdk=iphoneos*]" = UIStatusBarStyleDefault;
				"INFOPLIST_KEY_UIStatusBarStyle[sdk=iphonesimulator*]" = UIStatusBarStyleDefault;
				INFOPLIST_KEY_UISupportedInterfaceOrientations_iPad = "UIInterfaceOrientationPortrait UIInterfaceOrientationPortraitUpsideDown UIInterfaceOrientationLandscapeLeft UIInterfaceOrientationLandscapeRight";
				INFOPLIST_KEY_UISupportedInterfaceOrientations_iPhone = "UIInterfaceOrientationPortrait UIInterfaceOrientationLandscapeLeft UIInterfaceOrientationLandscapeRight";
				IPHONEOS_DEPLOYMENT_TARGET = 16.1;
				LD_RUNPATH_SEARCH_PATHS = "@executable_path/Frameworks";
				"LD_RUNPATH_SEARCH_PATHS[sdk=macosx*]" = "@executable_path/../Frameworks";
				MACOSX_DEPLOYMENT_TARGET = 13.0;
				MARKETING_VERSION = 1.0;
				PRODUCT_BUNDLE_IDENTIFIER = com.renangreca.EventCounter;
				PRODUCT_NAME = "$(TARGET_NAME)";
				SDKROOT = auto;
				SUPPORTED_PLATFORMS = "iphoneos iphonesimulator macosx";
				SWIFT_EMIT_LOC_STRINGS = YES;
				SWIFT_VERSION = 5.0;
				TARGETED_DEVICE_FAMILY = "1,2";
			};
			name = Debug;
		};
		1F1943B6298C5071007A92AA /* Release */ = {
			isa = XCBuildConfiguration;
			buildSettings = {
				ASSETCATALOG_COMPILER_APPICON_NAME = AppIcon;
				ASSETCATALOG_COMPILER_GLOBAL_ACCENT_COLOR_NAME = AccentColor;
				CODE_SIGN_ENTITLEMENTS = EventCounter/EventCounter.entitlements;
				CODE_SIGN_STYLE = Automatic;
				CURRENT_PROJECT_VERSION = 1;
				DEVELOPMENT_ASSET_PATHS = "\"EventCounter/Preview Content\"";
				DEVELOPMENT_TEAM = 6E3MXG6BSH;
				ENABLE_HARDENED_RUNTIME = YES;
				ENABLE_PREVIEWS = YES;
				GENERATE_INFOPLIST_FILE = YES;
				INFOPLIST_KEY_NSCalendarsUsageDescription = "Accesses calendars to get event duration";
				INFOPLIST_KEY_NSRemindersUsageDescription = "Accesses reminders to get task list";
				"INFOPLIST_KEY_UIApplicationSceneManifest_Generation[sdk=iphoneos*]" = YES;
				"INFOPLIST_KEY_UIApplicationSceneManifest_Generation[sdk=iphonesimulator*]" = YES;
				"INFOPLIST_KEY_UIApplicationSupportsIndirectInputEvents[sdk=iphoneos*]" = YES;
				"INFOPLIST_KEY_UIApplicationSupportsIndirectInputEvents[sdk=iphonesimulator*]" = YES;
				"INFOPLIST_KEY_UILaunchScreen_Generation[sdk=iphoneos*]" = YES;
				"INFOPLIST_KEY_UILaunchScreen_Generation[sdk=iphonesimulator*]" = YES;
				"INFOPLIST_KEY_UIStatusBarStyle[sdk=iphoneos*]" = UIStatusBarStyleDefault;
				"INFOPLIST_KEY_UIStatusBarStyle[sdk=iphonesimulator*]" = UIStatusBarStyleDefault;
				INFOPLIST_KEY_UISupportedInterfaceOrientations_iPad = "UIInterfaceOrientationPortrait UIInterfaceOrientationPortraitUpsideDown UIInterfaceOrientationLandscapeLeft UIInterfaceOrientationLandscapeRight";
				INFOPLIST_KEY_UISupportedInterfaceOrientations_iPhone = "UIInterfaceOrientationPortrait UIInterfaceOrientationLandscapeLeft UIInterfaceOrientationLandscapeRight";
				IPHONEOS_DEPLOYMENT_TARGET = 16.1;
				LD_RUNPATH_SEARCH_PATHS = "@executable_path/Frameworks";
				"LD_RUNPATH_SEARCH_PATHS[sdk=macosx*]" = "@executable_path/../Frameworks";
				MACOSX_DEPLOYMENT_TARGET = 13.0;
				MARKETING_VERSION = 1.0;
				PRODUCT_BUNDLE_IDENTIFIER = com.renangreca.EventCounter;
				PRODUCT_NAME = "$(TARGET_NAME)";
				SDKROOT = auto;
				SUPPORTED_PLATFORMS = "iphoneos iphonesimulator macosx";
				SWIFT_EMIT_LOC_STRINGS = YES;
				SWIFT_VERSION = 5.0;
				TARGETED_DEVICE_FAMILY = "1,2";
			};
			name = Release;
		};
		1F1943B8298C5071007A92AA /* Debug */ = {
			isa = XCBuildConfiguration;
			buildSettings = {
				ALWAYS_EMBED_SWIFT_STANDARD_LIBRARIES = YES;
				BUNDLE_LOADER = "$(TEST_HOST)";
				CODE_SIGN_STYLE = Automatic;
				CURRENT_PROJECT_VERSION = 1;
				DEVELOPMENT_TEAM = 6E3MXG6BSH;
				GENERATE_INFOPLIST_FILE = YES;
				IPHONEOS_DEPLOYMENT_TARGET = 16.1;
				MACOSX_DEPLOYMENT_TARGET = 13.0;
				MARKETING_VERSION = 1.0;
				PRODUCT_BUNDLE_IDENTIFIER = com.renangreca.EventCounterTests;
				PRODUCT_NAME = "$(TARGET_NAME)";
				SDKROOT = auto;
				SUPPORTED_PLATFORMS = "iphoneos iphonesimulator macosx";
				SWIFT_EMIT_LOC_STRINGS = NO;
				SWIFT_VERSION = 5.0;
				TARGETED_DEVICE_FAMILY = "1,2";
				TEST_HOST = "$(BUILT_PRODUCTS_DIR)/EventCounter.app/$(BUNDLE_EXECUTABLE_FOLDER_PATH)/EventCounter";
			};
			name = Debug;
		};
		1F1943B9298C5071007A92AA /* Release */ = {
			isa = XCBuildConfiguration;
			buildSettings = {
				ALWAYS_EMBED_SWIFT_STANDARD_LIBRARIES = YES;
				BUNDLE_LOADER = "$(TEST_HOST)";
				CODE_SIGN_STYLE = Automatic;
				CURRENT_PROJECT_VERSION = 1;
				DEVELOPMENT_TEAM = 6E3MXG6BSH;
				GENERATE_INFOPLIST_FILE = YES;
				IPHONEOS_DEPLOYMENT_TARGET = 16.1;
				MACOSX_DEPLOYMENT_TARGET = 13.0;
				MARKETING_VERSION = 1.0;
				PRODUCT_BUNDLE_IDENTIFIER = com.renangreca.EventCounterTests;
				PRODUCT_NAME = "$(TARGET_NAME)";
				SDKROOT = auto;
				SUPPORTED_PLATFORMS = "iphoneos iphonesimulator macosx";
				SWIFT_EMIT_LOC_STRINGS = NO;
				SWIFT_VERSION = 5.0;
				TARGETED_DEVICE_FAMILY = "1,2";
				TEST_HOST = "$(BUILT_PRODUCTS_DIR)/EventCounter.app/$(BUNDLE_EXECUTABLE_FOLDER_PATH)/EventCounter";
			};
			name = Release;
		};
		1F1943BB298C5071007A92AA /* Debug */ = {
			isa = XCBuildConfiguration;
			buildSettings = {
				ALWAYS_EMBED_SWIFT_STANDARD_LIBRARIES = YES;
				CODE_SIGN_STYLE = Automatic;
				CURRENT_PROJECT_VERSION = 1;
				DEVELOPMENT_TEAM = 6E3MXG6BSH;
				GENERATE_INFOPLIST_FILE = YES;
				IPHONEOS_DEPLOYMENT_TARGET = 16.1;
				MACOSX_DEPLOYMENT_TARGET = 13.0;
				MARKETING_VERSION = 1.0;
				PRODUCT_BUNDLE_IDENTIFIER = com.renangreca.EventCounterUITests;
				PRODUCT_NAME = "$(TARGET_NAME)";
				SDKROOT = auto;
				SUPPORTED_PLATFORMS = "iphoneos iphonesimulator macosx";
				SWIFT_EMIT_LOC_STRINGS = NO;
				SWIFT_VERSION = 5.0;
				TARGETED_DEVICE_FAMILY = "1,2";
				TEST_TARGET_NAME = EventCounter;
			};
			name = Debug;
		};
		1F1943BC298C5071007A92AA /* Release */ = {
			isa = XCBuildConfiguration;
			buildSettings = {
				ALWAYS_EMBED_SWIFT_STANDARD_LIBRARIES = YES;
				CODE_SIGN_STYLE = Automatic;
				CURRENT_PROJECT_VERSION = 1;
				DEVELOPMENT_TEAM = 6E3MXG6BSH;
				GENERATE_INFOPLIST_FILE = YES;
				IPHONEOS_DEPLOYMENT_TARGET = 16.1;
				MACOSX_DEPLOYMENT_TARGET = 13.0;
				MARKETING_VERSION = 1.0;
				PRODUCT_BUNDLE_IDENTIFIER = com.renangreca.EventCounterUITests;
				PRODUCT_NAME = "$(TARGET_NAME)";
				SDKROOT = auto;
				SUPPORTED_PLATFORMS = "iphoneos iphonesimulator macosx";
				SWIFT_EMIT_LOC_STRINGS = NO;
				SWIFT_VERSION = 5.0;
				TARGETED_DEVICE_FAMILY = "1,2";
				TEST_TARGET_NAME = EventCounter;
			};
			name = Release;
		};
/* End XCBuildConfiguration section */

/* Begin XCConfigurationList section */
		1F194385298C506F007A92AA /* Build configuration list for PBXProject "EventCounter" */ = {
			isa = XCConfigurationList;
			buildConfigurations = (
				1F1943B2298C5071007A92AA /* Debug */,
				1F1943B3298C5071007A92AA /* Release */,
			);
			defaultConfigurationIsVisible = 0;
			defaultConfigurationName = Release;
		};
		1F1943B4298C5071007A92AA /* Build configuration list for PBXNativeTarget "EventCounter" */ = {
			isa = XCConfigurationList;
			buildConfigurations = (
				1F1943B5298C5071007A92AA /* Debug */,
				1F1943B6298C5071007A92AA /* Release */,
			);
			defaultConfigurationIsVisible = 0;
			defaultConfigurationName = Release;
		};
		1F1943B7298C5071007A92AA /* Build configuration list for PBXNativeTarget "EventCounterTests" */ = {
			isa = XCConfigurationList;
			buildConfigurations = (
				1F1943B8298C5071007A92AA /* Debug */,
				1F1943B9298C5071007A92AA /* Release */,
			);
			defaultConfigurationIsVisible = 0;
			defaultConfigurationName = Release;
		};
		1F1943BA298C5071007A92AA /* Build configuration list for PBXNativeTarget "EventCounterUITests" */ = {
			isa = XCConfigurationList;
			buildConfigurations = (
				1F1943BB298C5071007A92AA /* Debug */,
				1F1943BC298C5071007A92AA /* Release */,
			);
			defaultConfigurationIsVisible = 0;
			defaultConfigurationName = Release;
		};
/* End XCConfigurationList section */

/* Begin XCVersionGroup section */
		1F194391298C506F007A92AA /* EventCounter.xcdatamodeld */ = {
			isa = XCVersionGroup;
			children = (
				1F194392298C506F007A92AA /* EventCounter.xcdatamodel */,
			);
			currentVersion = 1F194392298C506F007A92AA /* EventCounter.xcdatamodel */;
			path = EventCounter.xcdatamodeld;
			sourceTree = "<group>";
			versionGroupType = wrapper.xcdatamodel;
		};
/* End XCVersionGroup section */
	};
	rootObject = 1F194382298C506F007A92AA /* Project object */;
}
